
Microsoft Visual Studio Solution File, Format Version 12.00
# Visual Studio Version 17
VisualStudioVersion = 17.11.35312.102
MinimumVisualStudioVersion = 10.0.40219.1
Project("{9A19103F-16F7-4668-BE54-9A1E7A4F7556}") = "test2fa", "test2fa\test2fa.csproj", "{AD2F16FE-AB26-4B75-B4F0-E9C78404E4EC}"
	ProjectSection(ProjectDependencies) = postProject
		{2ECE5C82-9C6B-4360-B98E-C8D6828F2136} = {2ECE5C82-9C6B-4360-B98E-C8D6828F2136}
	EndProjectSection
EndProject
Project("{9A19103F-16F7-4668-BE54-9A1E7A4F7556}") = "TAPrim", "TAPrim\TAPrim.csproj", "{2ECE5C82-9C6B-4360-B98E-C8D6828F2136}"
EndProject
Global
	GlobalSection(SolutionConfigurationPlatforms) = preSolution
		Debug|Any CPU = Debug|Any CPU
		Release|Any CPU = Release|Any CPU
	EndGlobalSection
	GlobalSection(ProjectConfigurationPlatforms) = postSolution
		{AD2F16FE-AB26-4B75-B4F0-E9C78404E4EC}.Debug|Any CPU.ActiveCfg = Debug|Any CPU
		{AD2F16FE-AB26-4B75-B4F0-E9C78404E4EC}.Debug|Any CPU.Build.0 = Debug|Any CPU
		{AD2F16FE-AB26-4B75-B4F0-E9C78404E4EC}.Release|Any CPU.ActiveCfg = Release|Any CPU
		{AD2F16FE-AB26-4B75-B4F0-E9C78404E4EC}.Release|Any CPU.Build.0 = Release|Any CPU
		{2ECE5C82-9C6B-4360-B98E-C8D6828F2136}.Debug|Any CPU.ActiveCfg = Debug|Any CPU
		{2ECE5C82-9C6B-4360-B98E-C8D6828F2136}.Debug|Any CPU.Build.0 = Debug|Any CPU
		{2ECE5C82-9C6B-4360-B98E-C8D6828F2136}.Release|Any CPU.ActiveCfg = Release|Any CPU
		{2ECE5C82-9C6B-4360-B98E-C8D6828F2136}.Release|Any CPU.Build.0 = Release|Any CPU
	EndGlobalSection
	GlobalSection(SolutionProperties) = preSolution
		HideSolutionNode = FALSE
	EndGlobalSection
	GlobalSection(ExtensibilityGlobals) = postSolution
		SolutionGuid = {865EE588-6891-4090-8BA5-A52E9C3764F6}
	EndGlobalSection
EndGlobal
